// !$*UTF8*$!
{
	archiveVersion = 1;
	classes = {
	};
	objectVersion = 50;
	objects = {

/* Begin PBXBuildFile section */
		33F004C325276A4300807F44 /* AppDelegate.swift in Sources */ = {isa = PBXBuildFile; fileRef = 33F004C225276A4300807F44 /* AppDelegate.swift */; };
		33F004C525276A4400807F44 /* SceneDelegate.swift in Sources */ = {isa = PBXBuildFile; fileRef = 33F004C425276A4400807F44 /* SceneDelegate.swift */; };
		33F004C725276A4400807F44 /* LoginViewController.swift in Sources */ = {isa = PBXBuildFile; fileRef = 33F004C625276A4400807F44 /* LoginViewController.swift */; };
		33F004CA25276A4400807F44 /* Main.storyboard in Resources */ = {isa = PBXBuildFile; fileRef = 33F004C825276A4400807F44 /* Main.storyboard */; };
		33F004CC25276A4A00807F44 /* Assets.xcassets in Resources */ = {isa = PBXBuildFile; fileRef = 33F004CB25276A4A00807F44 /* Assets.xcassets */; };
		33F004CF25276A4A00807F44 /* LaunchScreen.storyboard in Resources */ = {isa = PBXBuildFile; fileRef = 33F004CD25276A4A00807F44 /* LaunchScreen.storyboard */; };
		33F004DA25276A4A00807F44 /* LoginTests.swift in Sources */ = {isa = PBXBuildFile; fileRef = 33F004D925276A4A00807F44 /* LoginTests.swift */; };
		33F004E525276A4A00807F44 /* LoginUITests.swift in Sources */ = {isa = PBXBuildFile; fileRef = 33F004E425276A4A00807F44 /* LoginUITests.swift */; };
		33F004F525277D8E00807F44 /* ProfileViewController.swift in Sources */ = {isa = PBXBuildFile; fileRef = 33F004F425277D8E00807F44 /* ProfileViewController.swift */; };
/* End PBXBuildFile section */

/* Begin PBXContainerItemProxy section */
		33F004D625276A4A00807F44 /* PBXContainerItemProxy */ = {
			isa = PBXContainerItemProxy;
			containerPortal = 33F004B725276A4300807F44 /* Project object */;
			proxyType = 1;
			remoteGlobalIDString = 33F004BE25276A4300807F44;
			remoteInfo = Login;
		};
		33F004E125276A4A00807F44 /* PBXContainerItemProxy */ = {
			isa = PBXContainerItemProxy;
			containerPortal = 33F004B725276A4300807F44 /* Project object */;
			proxyType = 1;
			remoteGlobalIDString = 33F004BE25276A4300807F44;
			remoteInfo = Login;
		};
/* End PBXContainerItemProxy section */

/* Begin PBXFileReference section */
		33F004BF25276A4300807F44 /* Login.app */ = {isa = PBXFileReference; explicitFileType = wrapper.application; includeInIndex = 0; path = Login.app; sourceTree = BUILT_PRODUCTS_DIR; };
		33F004C225276A4300807F44 /* AppDelegate.swift */ = {isa = PBXFileReference; lastKnownFileType = sourcecode.swift; path = AppDelegate.swift; sourceTree = "<group>"; };
		33F004C425276A4400807F44 /* SceneDelegate.swift */ = {isa = PBXFileReference; lastKnownFileType = sourcecode.swift; path = SceneDelegate.swift; sourceTree = "<group>"; };
		33F004C625276A4400807F44 /* LoginViewController.swift */ = {isa = PBXFileReference; lastKnownFileType = sourcecode.swift; path = LoginViewController.swift; sourceTree = "<group>"; };
		33F004C925276A4400807F44 /* Base */ = {isa = PBXFileReference; lastKnownFileType = file.storyboard; name = Base; path = Base.lproj/Main.storyboard; sourceTree = "<group>"; };
		33F004CB25276A4A00807F44 /* Assets.xcassets */ = {isa = PBXFileReference; lastKnownFileType = folder.assetcatalog; path = Assets.xcassets; sourceTree = "<group>"; };
		33F004CE25276A4A00807F44 /* Base */ = {isa = PBXFileReference; lastKnownFileType = file.storyboard; name = Base; path = Base.lproj/LaunchScreen.storyboard; sourceTree = "<group>"; };
		33F004D025276A4A00807F44 /* Info.plist */ = {isa = PBXFileReference; lastKnownFileType = text.plist.xml; path = Info.plist; sourceTree = "<group>"; };
		33F004D525276A4A00807F44 /* LoginTests.xctest */ = {isa = PBXFileReference; explicitFileType = wrapper.cfbundle; includeInIndex = 0; path = LoginTests.xctest; sourceTree = BUILT_PRODUCTS_DIR; };
		33F004D925276A4A00807F44 /* LoginTests.swift */ = {isa = PBXFileReference; lastKnownFileType = sourcecode.swift; path = LoginTests.swift; sourceTree = "<group>"; };
		33F004DB25276A4A00807F44 /* Info.plist */ = {isa = PBXFileReference; lastKnownFileType = text.plist.xml; path = Info.plist; sourceTree = "<group>"; };
		33F004E025276A4A00807F44 /* LoginUITests.xctest */ = {isa = PBXFileReference; explicitFileType = wrapper.cfbundle; includeInIndex = 0; path = LoginUITests.xctest; sourceTree = BUILT_PRODUCTS_DIR; };
		33F004E425276A4A00807F44 /* LoginUITests.swift */ = {isa = PBXFileReference; lastKnownFileType = sourcecode.swift; path = LoginUITests.swift; sourceTree = "<group>"; };
		33F004E625276A4A00807F44 /* Info.plist */ = {isa = PBXFileReference; lastKnownFileType = text.plist.xml; path = Info.plist; sourceTree = "<group>"; };
		33F004F425277D8E00807F44 /* ProfileViewController.swift */ = {isa = PBXFileReference; lastKnownFileType = sourcecode.swift; path = ProfileViewController.swift; sourceTree = "<group>"; };
/* End PBXFileReference section */

/* Begin PBXFrameworksBuildPhase section */
		33F004BC25276A4300807F44 /* Frameworks */ = {
			isa = PBXFrameworksBuildPhase;
			buildActionMask = 2147483647;
			files = (
			);
			runOnlyForDeploymentPostprocessing = 0;
		};
		33F004D225276A4A00807F44 /* Frameworks */ = {
			isa = PBXFrameworksBuildPhase;
			buildActionMask = 2147483647;
			files = (
			);
			runOnlyForDeploymentPostprocessing = 0;
		};
		33F004DD25276A4A00807F44 /* Frameworks */ = {
			isa = PBXFrameworksBuildPhase;
			buildActionMask = 2147483647;
			files = (
			);
			runOnlyForDeploymentPostprocessing = 0;
		};
/* End PBXFrameworksBuildPhase section */

/* Begin PBXGroup section */
		33F004B625276A4300807F44 = {
			isa = PBXGroup;
			children = (
				33F004C125276A4300807F44 /* Login */,
				33F004D825276A4A00807F44 /* LoginTests */,
				33F004E325276A4A00807F44 /* LoginUITests */,
				33F004C025276A4300807F44 /* Products */,
			);
			sourceTree = "<group>";
		};
		33F004C025276A4300807F44 /* Products */ = {
			isa = PBXGroup;
			children = (
				33F004BF25276A4300807F44 /* Login.app */,
				33F004D525276A4A00807F44 /* LoginTests.xctest */,
				33F004E025276A4A00807F44 /* LoginUITests.xctest */,
			);
			name = Products;
			sourceTree = "<group>";
		};
		33F004C125276A4300807F44 /* Login */ = {
			isa = PBXGroup;
			children = (
				33F004C225276A4300807F44 /* AppDelegate.swift */,
				33F004C425276A4400807F44 /* SceneDelegate.swift */,
				33F004C625276A4400807F44 /* LoginViewController.swift */,
				33F004C825276A4400807F44 /* Main.storyboard */,
				33F004CB25276A4A00807F44 /* Assets.xcassets */,
				33F004CD25276A4A00807F44 /* LaunchScreen.storyboard */,
				33F004D025276A4A00807F44 /* Info.plist */,
				33F004F425277D8E00807F44 /* ProfileViewController.swift */,
			);
			path = Login;
			sourceTree = "<group>";
		};
		33F004D825276A4A00807F44 /* LoginTests */ = {
			isa = PBXGroup;
			children = (
				33F004D925276A4A00807F44 /* LoginTests.swift */,
				33F004DB25276A4A00807F44 /* Info.plist */,
			);
			path = LoginTests;
			sourceTree = "<group>";
		};
		33F004E325276A4A00807F44 /* LoginUITests */ = {
			isa = PBXGroup;
			children = (
				33F004E425276A4A00807F44 /* LoginUITests.swift */,
				33F004E625276A4A00807F44 /* Info.plist */,
			);
			path = LoginUITests;
			sourceTree = "<group>";
		};
/* End PBXGroup section */

/* Begin PBXNativeTarget section */
		33F004BE25276A4300807F44 /* Login */ = {
			isa = PBXNativeTarget;
			buildConfigurationList = 33F004E925276A4A00807F44 /* Build configuration list for PBXNativeTarget "Login" */;
			buildPhases = (
				33F004BB25276A4300807F44 /* Sources */,
				33F004BC25276A4300807F44 /* Frameworks */,
				33F004BD25276A4300807F44 /* Resources */,
			);
			buildRules = (
			);
			dependencies = (
			);
			name = Login;
			productName = Login;
			productReference = 33F004BF25276A4300807F44 /* Login.app */;
			productType = "com.apple.product-type.application";
		};
		33F004D425276A4A00807F44 /* LoginTests */ = {
			isa = PBXNativeTarget;
			buildConfigurationList = 33F004EC25276A4A00807F44 /* Build configuration list for PBXNativeTarget "LoginTests" */;
			buildPhases = (
				33F004D125276A4A00807F44 /* Sources */,
				33F004D225276A4A00807F44 /* Frameworks */,
				33F004D325276A4A00807F44 /* Resources */,
			);
			buildRules = (
			);
			dependencies = (
				33F004D725276A4A00807F44 /* PBXTargetDependency */,
			);
			name = LoginTests;
			productName = LoginTests;
			productReference = 33F004D525276A4A00807F44 /* LoginTests.xctest */;
			productType = "com.apple.product-type.bundle.unit-test";
		};
		33F004DF25276A4A00807F44 /* LoginUITests */ = {
			isa = PBXNativeTarget;
			buildConfigurationList = 33F004EF25276A4A00807F44 /* Build configuration list for PBXNativeTarget "LoginUITests" */;
			buildPhases = (
				33F004DC25276A4A00807F44 /* Sources */,
				33F004DD25276A4A00807F44 /* Frameworks */,
				33F004DE25276A4A00807F44 /* Resources */,
			);
			buildRules = (
			);
			dependencies = (
				33F004E225276A4A00807F44 /* PBXTargetDependency */,
			);
			name = LoginUITests;
			productName = LoginUITests;
			productReference = 33F004E025276A4A00807F44 /* LoginUITests.xctest */;
			productType = "com.apple.product-type.bundle.ui-testing";
		};
/* End PBXNativeTarget section */

/* Begin PBXProject section */
		33F004B725276A4300807F44 /* Project object */ = {
			isa = PBXProject;
			attributes = {
				LastSwiftUpdateCheck = 1170;
				LastUpgradeCheck = 1170;
				ORGANIZATIONNAME = PedroGaN;
				TargetAttributes = {
					33F004BE25276A4300807F44 = {
						CreatedOnToolsVersion = 11.7;
					};
					33F004D425276A4A00807F44 = {
						CreatedOnToolsVersion = 11.7;
						TestTargetID = 33F004BE25276A4300807F44;
					};
					33F004DF25276A4A00807F44 = {
						CreatedOnToolsVersion = 11.7;
						TestTargetID = 33F004BE25276A4300807F44;
					};
				};
			};
			buildConfigurationList = 33F004BA25276A4300807F44 /* Build configuration list for PBXProject "Login" */;
			compatibilityVersion = "Xcode 9.3";
			developmentRegion = en;
			hasScannedForEncodings = 0;
			knownRegions = (
				en,
				Base,
			);
			mainGroup = 33F004B625276A4300807F44;
			productRefGroup = 33F004C025276A4300807F44 /* Products */;
			projectDirPath = "";
			projectRoot = "";
			targets = (
				33F004BE25276A4300807F44 /* Login */,
				33F004D425276A4A00807F44 /* LoginTests */,
				33F004DF25276A4A00807F44 /* LoginUITests */,
			);
		};
/* End PBXProject section */

/* Begin PBXResourcesBuildPhase section */
		33F004BD25276A4300807F44 /* Resources */ = {
			isa = PBXResourcesBuildPhase;
			buildActionMask = 2147483647;
			files = (
				33F004CF25276A4A00807F44 /* LaunchScreen.storyboard in Resources */,
				33F004CC25276A4A00807F44 /* Assets.xcassets in Resources */,
				33F004CA25276A4400807F44 /* Main.storyboard in Resources */,
			);
			runOnlyForDeploymentPostprocessing = 0;
		};
		33F004D325276A4A00807F44 /* Resources */ = {
			isa = PBXResourcesBuildPhase;
			buildActionMask = 2147483647;
			files = (
			);
			runOnlyForDeploymentPostprocessing = 0;
		};
		33F004DE25276A4A00807F44 /* Resources */ = {
			isa = PBXResourcesBuildPhase;
			buildActionMask = 2147483647;
			files = (
			);
			runOnlyForDeploymentPostprocessing = 0;
		};
/* End PBXResourcesBuildPhase section */

/* Begin PBXSourcesBuildPhase section */
		33F004BB25276A4300807F44 /* Sources */ = {
			isa = PBXSourcesBuildPhase;
			buildActionMask = 2147483647;
			files = (
				33F004C725276A4400807F44 /* LoginViewController.swift in Sources */,
				33F004C325276A4300807F44 /* AppDelegate.swift in Sources */,
				33F004F525277D8E00807F44 /* ProfileViewController.swift in Sources */,
				33F004C525276A4400807F44 /* SceneDelegate.swift in Sources */,
			);
			runOnlyForDeploymentPostprocessing = 0;
		};
		33F004D125276A4A00807F44 /* Sources */ = {
			isa = PBXSourcesBuildPhase;
			buildActionMask = 2147483647;
			files = (
				33F004DA25276A4A00807F44 /* LoginTests.swift in Sources */,
			);
			runOnlyForDeploymentPostprocessing = 0;
		};
		33F004DC25276A4A00807F44 /* Sources */ = {
			isa = PBXSourcesBuildPhase;
			buildActionMask = 2147483647;
			files = (
				33F004E525276A4A00807F44 /* LoginUITests.swift in Sources */,
			);
			runOnlyForDeploymentPostprocessing = 0;
		};
/* End PBXSourcesBuildPhase section */

/* Begin PBXTargetDependency section */
		33F004D725276A4A00807F44 /* PBXTargetDependency */ = {
			isa = PBXTargetDependency;
			target = 33F004BE25276A4300807F44 /* Login */;
			targetProxy = 33F004D625276A4A00807F44 /* PBXContainerItemProxy */;
		};
		33F004E225276A4A00807F44 /* PBXTargetDependency */ = {
			isa = PBXTargetDependency;
			target = 33F004BE25276A4300807F44 /* Login */;
			targetProxy = 33F004E125276A4A00807F44 /* PBXContainerItemProxy */;
		};
/* End PBXTargetDependency section */

/* Begin PBXVariantGroup section */
		33F004C825276A4400807F44 /* Main.storyboard */ = {
			isa = PBXVariantGroup;
			children = (
				33F004C925276A4400807F44 /* Base */,
			);
			name = Main.storyboard;
			sourceTree = "<group>";
		};
		33F004CD25276A4A00807F44 /* LaunchScreen.storyboard */ = {
			isa = PBXVariantGroup;
			children = (
				33F004CE25276A4A00807F44 /* Base */,
			);
			name = LaunchScreen.storyboard;
			sourceTree = "<group>";
		};
/* End PBXVariantGroup section */

/* Begin XCBuildConfiguration section */
		33F004E725276A4A00807F44 /* Debug */ = {
			isa = XCBuildConfiguration;
			buildSettings = {
				ALWAYS_SEARCH_USER_PATHS = NO;
				CLANG_ANALYZER_NONNULL = YES;
				CLANG_ANALYZER_NUMBER_OBJECT_CONVERSION = YES_AGGRESSIVE;
				CLANG_CXX_LANGUAGE_STANDARD = "gnu++14";
				CLANG_CXX_LIBRARY = "libc++";
				CLANG_ENABLE_MODULES = YES;
				CLANG_ENABLE_OBJC_ARC = YES;
				CLANG_ENABLE_OBJC_WEAK = YES;
				CLANG_WARN_BLOCK_CAPTURE_AUTORELEASING = YES;
				CLANG_WARN_BOOL_CONVERSION = YES;
				CLANG_WARN_COMMA = YES;
				CLANG_WARN_CONSTANT_CONVERSION = YES;
				CLANG_WARN_DEPRECATED_OBJC_IMPLEMENTATIONS = YES;
				CLANG_WARN_DIRECT_OBJC_ISA_USAGE = YES_ERROR;
				CLANG_WARN_DOCUMENTATION_COMMENTS = YES;
				CLANG_WARN_EMPTY_BODY = YES;
				CLANG_WARN_ENUM_CONVERSION = YES;
				CLANG_WARN_INFINITE_RECURSION = YES;
				CLANG_WARN_INT_CONVERSION = YES;
				CLANG_WARN_NON_LITERAL_NULL_CONVERSION = YES;
				CLANG_WARN_OBJC_IMPLICIT_RETAIN_SELF = YES;
				CLANG_WARN_OBJC_LITERAL_CONVERSION = YES;
				CLANG_WARN_OBJC_ROOT_CLASS = YES_ERROR;
				CLANG_WARN_RANGE_LOOP_ANALYSIS = YES;
				CLANG_WARN_STRICT_PROTOTYPES = YES;
				CLANG_WARN_SUSPICIOUS_MOVE = YES;
				CLANG_WARN_UNGUARDED_AVAILABILITY = YES_AGGRESSIVE;
				CLANG_WARN_UNREACHABLE_CODE = YES;
				CLANG_WARN__DUPLICATE_METHOD_MATCH = YES;
				COPY_PHASE_STRIP = NO;
				DEBUG_INFORMATION_FORMAT = dwarf;
				ENABLE_STRICT_OBJC_MSGSEND = YES;
				ENABLE_TESTABILITY = YES;
				GCC_C_LANGUAGE_STANDARD = gnu11;
				GCC_DYNAMIC_NO_PIC = NO;
				GCC_NO_COMMON_BLOCKS = YES;
				GCC_OPTIMIZATION_LEVEL = 0;
				GCC_PREPROCESSOR_DEFINITIONS = (
					"DEBUG=1",
					"$(inherited)",
				);
				GCC_WARN_64_TO_32_BIT_CONVERSION = YES;
				GCC_WARN_ABOUT_RETURN_TYPE = YES_ERROR;
				GCC_WARN_UNDECLARED_SELECTOR = YES;
				GCC_WARN_UNINITIALIZED_AUTOS = YES_AGGRESSIVE;
				GCC_WARN_UNUSED_FUNCTION = YES;
				GCC_WARN_UNUSED_VARIABLE = YES;
				IPHONEOS_DEPLOYMENT_TARGET = 13.7;
				MTL_ENABLE_DEBUG_INFO = INCLUDE_SOURCE;
				MTL_FAST_MATH = YES;
				ONLY_ACTIVE_ARCH = YES;
				SDKROOT = iphoneos;
				SWIFT_ACTIVE_COMPILATION_CONDITIONS = DEBUG;
				SWIFT_OPTIMIZATION_LEVEL = "-Onone";
			};
			name = Debug;
		};
		33F004E825276A4A00807F44 /* Release */ = {
			isa = XCBuildConfiguration;
			buildSettings = {
				ALWAYS_SEARCH_USER_PATHS = NO;
				CLANG_ANALYZER_NONNULL = YES;
				CLANG_ANALYZER_NUMBER_OBJECT_CONVERSION = YES_AGGRESSIVE;
				CLANG_CXX_LANGUAGE_STANDARD = "gnu++14";
				CLANG_CXX_LIBRARY = "libc++";
				CLANG_ENABLE_MODULES = YES;
				CLANG_ENABLE_OBJC_ARC = YES;
				CLANG_ENABLE_OBJC_WEAK = YES;
				CLANG_WARN_BLOCK_CAPTURE_AUTORELEASING = YES;
				CLANG_WARN_BOOL_CONVERSION = YES;
				CLANG_WARN_COMMA = YES;
				CLANG_WARN_CONSTANT_CONVERSION = YES;
				CLANG_WARN_DEPRECATED_OBJC_IMPLEMENTATIONS = YES;
				CLANG_WARN_DIRECT_OBJC_ISA_USAGE = YES_ERROR;
				CLANG_WARN_DOCUMENTATION_COMMENTS = YES;
				CLANG_WARN_EMPTY_BODY = YES;
				CLANG_WARN_ENUM_CONVERSION = YES;
				CLANG_WARN_INFINITE_RECURSION = YES;
				CLANG_WARN_INT_CONVERSION = YES;
				CLANG_WARN_NON_LITERAL_NULL_CONVERSION = YES;
				CLANG_WARN_OBJC_IMPLICIT_RETAIN_SELF = YES;
				CLANG_WARN_OBJC_LITERAL_CONVERSION = YES;
				CLANG_WARN_OBJC_ROOT_CLASS = YES_ERROR;
				CLANG_WARN_RANGE_LOOP_ANALYSIS = YES;
				CLANG_WARN_STRICT_PROTOTYPES = YES;
				CLANG_WARN_SUSPICIOUS_MOVE = YES;
				CLANG_WARN_UNGUARDED_AVAILABILITY = YES_AGGRESSIVE;
				CLANG_WARN_UNREACHABLE_CODE = YES;
				CLANG_WARN__DUPLICATE_METHOD_MATCH = YES;
				COPY_PHASE_STRIP = NO;
				DEBUG_INFORMATION_FORMAT = "dwarf-with-dsym";
				ENABLE_NS_ASSERTIONS = NO;
				ENABLE_STRICT_OBJC_MSGSEND = YES;
				GCC_C_LANGUAGE_STANDARD = gnu11;
				GCC_NO_COMMON_BLOCKS = YES;
				GCC_WARN_64_TO_32_BIT_CONVERSION = YES;
				GCC_WARN_ABOUT_RETURN_TYPE = YES_ERROR;
				GCC_WARN_UNDECLARED_SELECTOR = YES;
				GCC_WARN_UNINITIALIZED_AUTOS = YES_AGGRESSIVE;
				GCC_WARN_UNUSED_FUNCTION = YES;
				GCC_WARN_UNUSED_VARIABLE = YES;
				IPHONEOS_DEPLOYMENT_TARGET = 13.7;
				MTL_ENABLE_DEBUG_INFO = NO;
				MTL_FAST_MATH = YES;
				SDKROOT = iphoneos;
				SWIFT_COMPILATION_MODE = wholemodule;
				SWIFT_OPTIMIZATION_LEVEL = "-O";
				VALIDATE_PRODUCT = YES;
			};
			name = Release;
		};
		33F004EA25276A4A00807F44 /* Debug */ = {
			isa = XCBuildConfiguration;
			buildSettings = {
				ASSETCATALOG_COMPILER_APPICON_NAME = AppIcon;
				CODE_SIGN_STYLE = Automatic;
				INFOPLIST_FILE = Login/Info.plist;
				LD_RUNPATH_SEARCH_PATHS = (
					"$(inherited)",
					"@executable_path/Frameworks",
				);
				PRODUCT_BUNDLE_IDENTIFIER = com.example.Login;
				PRODUCT_NAME = "$(TARGET_NAME)";
				SWIFT_VERSION = 5.0;
				TARGETED_DEVICE_FAMILY = "1,2";
			};
			name = Debug;
		};
		33F004EB25276A4A00807F44 /* Release */ = {
			isa = XCBuildConfiguration;
			buildSettings = {
				ASSETCATALOG_COMPILER_APPICON_NAME = AppIcon;
				CODE_SIGN_STYLE = Automatic;
				INFOPLIST_FILE = Login/Info.plist;
				LD_RUNPATH_SEARCH_PATHS = (
					"$(inherited)",
					"@executable_path/Frameworks",
				);
				PRODUCT_BUNDLE_IDENTIFIER = com.example.Login;
				PRODUCT_NAME = "$(TARGET_NAME)";
				SWIFT_VERSION = 5.0;
				TARGETED_DEVICE_FAMILY = "1,2";
			};
			name = Release;
		};
		33F004ED25276A4A00807F44 /* Debug */ = {
			isa = XCBuildConfiguration;
			buildSettings = {
				ALWAYS_EMBED_SWIFT_STANDARD_LIBRARIES = YES;
				BUNDLE_LOADER = "$(TEST_HOST)";
				CODE_SIGN_STYLE = Automatic;
				INFOPLIST_FILE = LoginTests/Info.plist;
				IPHONEOS_DEPLOYMENT_TARGET = 13.7;
				LD_RUNPATH_SEARCH_PATHS = (
					"$(inherited)",
					"@executable_path/Frameworks",
					"@loader_path/Frameworks",
				);
				PRODUCT_BUNDLE_IDENTIFIER = com.example.LoginTests;
				PRODUCT_NAME = "$(TARGET_NAME)";
				SWIFT_VERSION = 5.0;
				TARGETED_DEVICE_FAMILY = "1,2";
				TEST_HOST = "$(BUILT_PRODUCTS_DIR)/Login.app/Login";
			};
			name = Debug;
		};
		33F004EE25276A4A00807F44 /* Release */ = {
			isa = XCBuildConfiguration;
			buildSettings = {
				ALWAYS_EMBED_SWIFT_STANDARD_LIBRARIES = YES;
				BUNDLE_LOADER = "$(TEST_HOST)";
				CODE_SIGN_STYLE = Automatic;
				INFOPLIST_FILE = LoginTests/Info.plist;
				IPHONEOS_DEPLOYMENT_TARGET = 13.7;
				LD_RUNPATH_SEARCH_PATHS = (
					"$(inherited)",
					"@executable_path/Frameworks",
					"@loader_path/Frameworks",
				);
				PRODUCT_BUNDLE_IDENTIFIER = com.example.LoginTests;
				PRODUCT_NAME = "$(TARGET_NAME)";
				SWIFT_VERSION = 5.0;
				TARGETED_DEVICE_FAMILY = "1,2";
				TEST_HOST = "$(BUILT_PRODUCTS_DIR)/Login.app/Login";
			};
			name = Release;
		};
		33F004F025276A4A00807F44 /* Debug */ = {
			isa = XCBuildConfiguration;
			buildSettings = {
				ALWAYS_EMBED_SWIFT_STANDARD_LIBRARIES = YES;
				CODE_SIGN_STYLE = Automatic;
				INFOPLIST_FILE = LoginUITests/Info.plist;
				LD_RUNPATH_SEARCH_PATHS = (
					"$(inherited)",
					"@executable_path/Frameworks",
					"@loader_path/Frameworks",
				);
				PRODUCT_BUNDLE_IDENTIFIER = com.example.LoginUITests;
				PRODUCT_NAME = "$(TARGET_NAME)";
				SWIFT_VERSION = 5.0;
				TARGETED_DEVICE_FAMILY = "1,2";
				TEST_TARGET_NAME = Login;
			};
			name = Debug;
		};
		33F004F125276A4A00807F44 /* Release */ = {
			isa = XCBuildConfiguration;
			buildSettings = {
				ALWAYS_EMBED_SWIFT_STANDARD_LIBRARIES = YES;
				CODE_SIGN_STYLE = Automatic;
				INFOPLIST_FILE = LoginUITests/Info.plist;
				LD_RUNPATH_SEARCH_PATHS = (
					"$(inherited)",
					"@executable_path/Frameworks",
					"@loader_path/Frameworks",
				);
				PRODUCT_BUNDLE_IDENTIFIER = com.example.LoginUITests;
				PRODUCT_NAME = "$(TARGET_NAME)";
				SWIFT_VERSION = 5.0;
				TARGETED_DEVICE_FAMILY = "1,2";
				TEST_TARGET_NAME = Login;
			};
			name = Release;
		};
/* End XCBuildConfiguration section */

/* Begin XCConfigurationList section */
		33F004BA25276A4300807F44 /* Build configuration list for PBXProject "Login" */ = {
			isa = XCConfigurationList;
			buildConfigurations = (
				33F004E725276A4A00807F44 /* Debug */,
				33F004E825276A4A00807F44 /* Release */,
			);
			defaultConfigurationIsVisible = 0;
			defaultConfigurationName = Release;
		};
		33F004E925276A4A00807F44 /* Build configuration list for PBXNativeTarget "Login" */ = {
			isa = XCConfigurationList;
			buildConfigurations = (
				33F004EA25276A4A00807F44 /* Debug */,
				33F004EB25276A4A00807F44 /* Release */,
			);
			defaultConfigurationIsVisible = 0;
			defaultConfigurationName = Release;
		};
		33F004EC25276A4A00807F44 /* Build configuration list for PBXNativeTarget "LoginTests" */ = {
			isa = XCConfigurationList;
			buildConfigurations = (
				33F004ED25276A4A00807F44 /* Debug */,
				33F004EE25276A4A00807F44 /* Release */,
			);
			defaultConfigurationIsVisible = 0;
			defaultConfigurationName = Release;
		};
		33F004EF25276A4A00807F44 /* Build configuration list for PBXNativeTarget "LoginUITests" */ = {
			isa = XCConfigurationList;
			buildConfigurations = (
				33F004F025276A4A00807F44 /* Debug */,
				33F004F125276A4A00807F44 /* Release */,
			);
			defaultConfigurationIsVisible = 0;
			defaultConfigurationName = Release;
		};
/* End XCConfigurationList section */
	};
	rootObject = 33F004B725276A4300807F44 /* Project object */;
}
